<?xml version="1.0" ?>
<Project xmlns="http://schemas.microsoft.com/developer/msbuild/2003" ToolsVersion="4.0">
  <ItemGroup>
    <Filter Include="Source Files">
      <UniqueIdentifier>{8FF30690-18B4-481C-900C-9CC8C29E2F56}</UniqueIdentifier>
      <Extensions>cpp;c</Extensions>
    </Filter>
    <Filter Include="Header Files">
      <UniqueIdentifier>{880E7F21-0715-4255-B0DC-95A5A1FF4EB1}</UniqueIdentifier>
      <Extensions>h;hpp</Extensions>
    </Filter>
    <Filter Include="Resource Files">
      <UniqueIdentifier>{48571B7D-9042-4166-8BD8-A0C5FF7262CD}</UniqueIdentifier>
      <Extensions>hlsl;jpg;jpeg;png;wav;mp3;ico;dds;rc;obj</Extensions>
    </Filter>
  </ItemGroup>
  <ItemGroup/>
</Project>
