<?xml version="1.0" encoding="utf-8"?>
<Project ToolsVersion="4.0" xmlns="http://schemas.microsoft.com/developer/msbuild/2003">
  <ItemGroup>
    <ClCompile Include="Components.cpp" />
    <ClCompile Include="Engine.cpp" />
    <ClCompile Include="GameManager.cpp" />
    <ClCompile Include="GameObject.cpp" />
    <ClCompile Include="pch.cpp" />
    <ClCompile Include="Timer.cpp" />
    <ClCompile Include="InputManager.cpp" />
  </ItemGroup>
  <ItemGroup>
    <ClInclude Include="Components.h" />
    <ClInclude Include="framework.h" />
    <ClInclude Include="GameManager.h" />
    <ClInclude Include="GameObject.h" />
    <ClInclude Include="pch.h" />
    <ClInclude Include="src\ecs\Event.h" />
    <ClInclude Include="src\ecs\EventSystem.h" />
    <ClInclude Include="src\ecs\System.h" />
    <ClInclude Include="Timer.h" />
    <ClInclude Include="InputManager.h" />
  </ItemGroup>
</Project>