
Microsoft Visual Studio Solution File, Format Version 12.00
# Visual Studio Version 17
VisualStudioVersion = 17.9.34902.65
MinimumVisualStudioVersion = 10.0.40219.1
Project("{8BC9CEB8-8B4A-11D0-8D11-00A0C91BC942}") = "Engine", "Engine\Engine.vcxproj", "{D89903C3-1E6F-42A9-94CF-C09B8323C5F3}"
	ProjectSection(ProjectDependencies) = postProject
		{E0D2338C-3C36-40A3-8BC8-5F8C11623207} = {E0D2338C-3C36-40A3-8BC8-5F8C11623207}
	EndProjectSection
EndProject
Project("{2150E333-8FDC-42A3-9474-1A3956D46DE8}") = "GC Libraries", "GC Libraries", "{DE10B0B4-DE13-481F-9E8B-25A3CB9CA2EB}"
EndProject
Project("{2150E333-8FDC-42A3-9474-1A3956D46DE8}") = "GC Tools", "GC Tools", "{7262894E-C11E-4C59-9BD9-FEBC7DC0FB9D}"
EndProject
Project("{2150E333-8FDC-42A3-9474-1A3956D46DE8}") = "GC Games", "GC Games", "{0D714258-3063-4FE6-84FB-81894016736B}"
EndProject
Project("{8BC9CEB8-8B4A-11D0-8D11-00A0C91BC942}") = "Core", "Core\Core.vcxproj", "{E0D2338C-3C36-40A3-8BC8-5F8C11623207}"
EndProject
Project("{8BC9CEB8-8B4A-11D0-8D11-00A0C91BC942}") = "Demo", "Demo\Demo.vcxproj", "{060B5D16-6E76-49E5-B073-195EB76E2CD0}"
	ProjectSection(ProjectDependencies) = postProject
		{D89903C3-1E6F-42A9-94CF-C09B8323C5F3} = {D89903C3-1E6F-42A9-94CF-C09B8323C5F3}
		{E0D2338C-3C36-40A3-8BC8-5F8C11623207} = {E0D2338C-3C36-40A3-8BC8-5F8C11623207}
	EndProjectSection
EndProject
Project("{8BC9CEB8-8B4A-11D0-8D11-00A0C91BC942}") = "FontMaker", "FontMaker\FontMaker.vcxproj", "{0FB066DF-38C7-4954-ADE3-0ED5A7FDD5A6}"
	ProjectSection(ProjectDependencies) = postProject
		{E0D2338C-3C36-40A3-8BC8-5F8C11623207} = {E0D2338C-3C36-40A3-8BC8-5F8C11623207}
	EndProjectSection
EndProject
Global
	GlobalSection(SolutionConfigurationPlatforms) = preSolution
		Debug|x64 = Debug|x64
		Release|x64 = Release|x64
	EndGlobalSection
	GlobalSection(ProjectConfigurationPlatforms) = postSolution
		{D89903C3-1E6F-42A9-94CF-C09B8323C5F3}.Debug|x64.ActiveCfg = Debug|x64
		{D89903C3-1E6F-42A9-94CF-C09B8323C5F3}.Debug|x64.Build.0 = Debug|x64
		{D89903C3-1E6F-42A9-94CF-C09B8323C5F3}.Release|x64.ActiveCfg = Release|x64
		{D89903C3-1E6F-42A9-94CF-C09B8323C5F3}.Release|x64.Build.0 = Release|x64
		{E0D2338C-3C36-40A3-8BC8-5F8C11623207}.Debug|x64.ActiveCfg = Debug|x64
		{E0D2338C-3C36-40A3-8BC8-5F8C11623207}.Debug|x64.Build.0 = Debug|x64
		{E0D2338C-3C36-40A3-8BC8-5F8C11623207}.Release|x64.ActiveCfg = Release|x64
		{E0D2338C-3C36-40A3-8BC8-5F8C11623207}.Release|x64.Build.0 = Release|x64
		{060B5D16-6E76-49E5-B073-195EB76E2CD0}.Debug|x64.ActiveCfg = Debug|x64
		{060B5D16-6E76-49E5-B073-195EB76E2CD0}.Debug|x64.Build.0 = Debug|x64
		{060B5D16-6E76-49E5-B073-195EB76E2CD0}.Release|x64.ActiveCfg = Release|x64
		{060B5D16-6E76-49E5-B073-195EB76E2CD0}.Release|x64.Build.0 = Release|x64
		{0FB066DF-38C7-4954-ADE3-0ED5A7FDD5A6}.Debug|x64.ActiveCfg = Debug|x64
		{0FB066DF-38C7-4954-ADE3-0ED5A7FDD5A6}.Debug|x64.Build.0 = Debug|x64
		{0FB066DF-38C7-4954-ADE3-0ED5A7FDD5A6}.Release|x64.ActiveCfg = Release|x64
		{0FB066DF-38C7-4954-ADE3-0ED5A7FDD5A6}.Release|x64.Build.0 = Release|x64
	EndGlobalSection
	GlobalSection(SolutionProperties) = preSolution
		HideSolutionNode = FALSE
	EndGlobalSection
	GlobalSection(NestedProjects) = preSolution
		{D89903C3-1E6F-42A9-94CF-C09B8323C5F3} = {DE10B0B4-DE13-481F-9E8B-25A3CB9CA2EB}
		{E0D2338C-3C36-40A3-8BC8-5F8C11623207} = {DE10B0B4-DE13-481F-9E8B-25A3CB9CA2EB}
		{060B5D16-6E76-49E5-B073-195EB76E2CD0} = {0D714258-3063-4FE6-84FB-81894016736B}
		{0FB066DF-38C7-4954-ADE3-0ED5A7FDD5A6} = {7262894E-C11E-4C59-9BD9-FEBC7DC0FB9D}
	EndGlobalSection
	GlobalSection(ExtensibilityGlobals) = postSolution
		SolutionGuid = {472951EF-6A16-419A-B3B2-67A570E2486B}
	EndGlobalSection
EndGlobal
