<?xml version="1.0" ?>
<Project xmlns="http://schemas.microsoft.com/developer/msbuild/2003" ToolsVersion="4.0">
  <ItemGroup>
    <Filter Include="Source Files">
      <UniqueIdentifier>{E5056BAC-7EC6-4A3C-B96D-1207179C02A9}</UniqueIdentifier>
      <Extensions>cpp;c</Extensions>
    </Filter>
    <Filter Include="Header Files">
      <UniqueIdentifier>{768B9D90-DA1C-4DF8-A83A-2EE02DC67EC0}</UniqueIdentifier>
      <Extensions>h;hpp</Extensions>
    </Filter>
    <Filter Include="Resource Files">
      <UniqueIdentifier>{6EF9B097-1334-483A-8718-77E4A7FA7275}</UniqueIdentifier>
      <Extensions>hlsl;jpg;jpeg;png;wav;mp3;ico;dds;rc;obj</Extensions>
    </Filter>
  </ItemGroup>
  <ItemGroup>
    <ClCompile Include="..\..\..\src\RenderApp\main.cpp">
      <Filter>Source Files</Filter>
    </ClCompile>
    <None Include="..\..\..\src\RenderApp\monkey.obj">
      <Filter>Resource Files</Filter>
    </None>
    <None Include="..\..\..\src\RenderApp\monkeyUv.obj">
      <Filter>Resource Files</Filter>
    </None>
    <None Include="..\..\..\src\RenderApp\Shaders\color.hlsl">
      <Filter>Resource Files</Filter>
    </None>
    <None Include="..\..\..\src\RenderApp\Shaders\customTest.hlsl">
      <Filter>Resource Files</Filter>
    </None>
    <None Include="..\..\..\src\RenderApp\Shaders\texture.hlsl">
      <Filter>Resource Files</Filter>
    </None>
    <None Include="..\..\..\src\RenderApp\Textures\ahah.dds">
      <Filter>Resource Files</Filter>
    </None>
    <None Include="..\..\..\src\RenderApp\Textures\gojo.dds">
      <Filter>Resource Files</Filter>
    </None>
    <None Include="..\..\..\src\RenderApp\Textures\texture.dds">
      <Filter>Resource Files</Filter>
    </None>
  </ItemGroup>
</Project>
